
Microsoft Visual Studio Solution File, Format Version 12.00
# Visual Studio Version 16
VisualStudioVersion = 16.0.30011.22
MinimumVisualStudioVersion = 10.0.40219.1
Project("{9A19103F-16F7-4668-BE54-9A1E7A4F7556}") = "FBChat", "FBChat\FBChat.csproj", "{2A6A5C4D-BDBF-4555-A9D7-BF7B223AF89A}"
EndProject
Project("{9A19103F-16F7-4668-BE54-9A1E7A4F7556}") = "FacebookMessenger", "FacebookMessenger\FacebookMessenger.csproj", "{EA964E43-49FE-441A-8CAC-1FBB08EE8785}"
EndProject
Project("{FAE04EC0-301F-11D3-BF4B-00C04F79EFBC}") = "FlowController", "FlowManager\FlowManager\FlowController.csproj", "{1BD756C5-EE12-4CD7-9A3E-29E48E8B5DCA}"
EndProject
Global
	GlobalSection(SolutionConfigurationPlatforms) = preSolution
		Debug|Any CPU = Debug|Any CPU
		Release|Any CPU = Release|Any CPU
	EndGlobalSection
	GlobalSection(ProjectConfigurationPlatforms) = postSolution
		{2A6A5C4D-BDBF-4555-A9D7-BF7B223AF89A}.Debug|Any CPU.ActiveCfg = Debug|Any CPU
		{2A6A5C4D-BDBF-4555-A9D7-BF7B223AF89A}.Debug|Any CPU.Build.0 = Debug|Any CPU
		{2A6A5C4D-BDBF-4555-A9D7-BF7B223AF89A}.Release|Any CPU.ActiveCfg = Release|Any CPU
		{2A6A5C4D-BDBF-4555-A9D7-BF7B223AF89A}.Release|Any CPU.Build.0 = Release|Any CPU
		{EA964E43-49FE-441A-8CAC-1FBB08EE8785}.Debug|Any CPU.ActiveCfg = Debug|Any CPU
		{EA964E43-49FE-441A-8CAC-1FBB08EE8785}.Debug|Any CPU.Build.0 = Debug|Any CPU
		{EA964E43-49FE-441A-8CAC-1FBB08EE8785}.Release|Any CPU.ActiveCfg = Release|Any CPU
		{EA964E43-49FE-441A-8CAC-1FBB08EE8785}.Release|Any CPU.Build.0 = Release|Any CPU
		{1BD756C5-EE12-4CD7-9A3E-29E48E8B5DCA}.Debug|Any CPU.ActiveCfg = Debug|Any CPU
		{1BD756C5-EE12-4CD7-9A3E-29E48E8B5DCA}.Debug|Any CPU.Build.0 = Debug|Any CPU
		{1BD756C5-EE12-4CD7-9A3E-29E48E8B5DCA}.Release|Any CPU.ActiveCfg = Release|Any CPU
		{1BD756C5-EE12-4CD7-9A3E-29E48E8B5DCA}.Release|Any CPU.Build.0 = Release|Any CPU
	EndGlobalSection
	GlobalSection(SolutionProperties) = preSolution
		HideSolutionNode = FALSE
	EndGlobalSection
	GlobalSection(ExtensibilityGlobals) = postSolution
		SolutionGuid = {91401B72-5838-46C8-AA2F-E6CB713FE60A}
	EndGlobalSection
EndGlobal
